
Microsoft Visual Studio Solution File, Format Version 12.00
# Visual Studio Version 16
VisualStudioVersion = 16.0.30114.105
MinimumVisualStudioVersion = 10.0.40219.1
Project("{9A19103F-16F7-4668-BE54-9A1E7A4F7556}") = "ConsoleApp1", "ConsoleApp1\ConsoleApp1.csproj", "{6FB81C4E-2697-4DCF-A6AC-2B3E9AC7AFFC}"
EndProject
Project("{FAE04EC0-301F-11D3-BF4B-00C04F79EFBC}") = "HomeworkLibrary", "HomeworkLibrary\HomeworkLibrary.csproj", "{BDF4B388-2613-4EC7-907C-2AE2CB516250}"
EndProject
Project("{FAE04EC0-301F-11D3-BF4B-00C04F79EFBC}") = "HomeworkLibraryTests", "HomeworkLibraryTests\HomeworkLibraryTests.csproj", "{CBBB04B4-730E-4A89-8CD8-F62677A0DCA6}"
EndProject
Global
	GlobalSection(SolutionConfigurationPlatforms) = preSolution
		Debug|Any CPU = Debug|Any CPU
		Release|Any CPU = Release|Any CPU
	EndGlobalSection
	GlobalSection(ProjectConfigurationPlatforms) = postSolution
		{6FB81C4E-2697-4DCF-A6AC-2B3E9AC7AFFC}.Debug|Any CPU.ActiveCfg = Debug|Any CPU
		{6FB81C4E-2697-4DCF-A6AC-2B3E9AC7AFFC}.Debug|Any CPU.Build.0 = Debug|Any CPU
		{6FB81C4E-2697-4DCF-A6AC-2B3E9AC7AFFC}.Release|Any CPU.ActiveCfg = Release|Any CPU
		{6FB81C4E-2697-4DCF-A6AC-2B3E9AC7AFFC}.Release|Any CPU.Build.0 = Release|Any CPU
		{BDF4B388-2613-4EC7-907C-2AE2CB516250}.Debug|Any CPU.ActiveCfg = Debug|Any CPU
		{BDF4B388-2613-4EC7-907C-2AE2CB516250}.Debug|Any CPU.Build.0 = Debug|Any CPU
		{BDF4B388-2613-4EC7-907C-2AE2CB516250}.Release|Any CPU.ActiveCfg = Release|Any CPU
		{BDF4B388-2613-4EC7-907C-2AE2CB516250}.Release|Any CPU.Build.0 = Release|Any CPU
		{CBBB04B4-730E-4A89-8CD8-F62677A0DCA6}.Debug|Any CPU.ActiveCfg = Debug|Any CPU
		{CBBB04B4-730E-4A89-8CD8-F62677A0DCA6}.Debug|Any CPU.Build.0 = Debug|Any CPU
		{CBBB04B4-730E-4A89-8CD8-F62677A0DCA6}.Release|Any CPU.ActiveCfg = Release|Any CPU
		{CBBB04B4-730E-4A89-8CD8-F62677A0DCA6}.Release|Any CPU.Build.0 = Release|Any CPU
	EndGlobalSection
	GlobalSection(SolutionProperties) = preSolution
		HideSolutionNode = FALSE
	EndGlobalSection
	GlobalSection(ExtensibilityGlobals) = postSolution
		SolutionGuid = {106E0120-7560-48AB-A61E-30F43E4ABF84}
	EndGlobalSection
EndGlobal
